
Microsoft Visual Studio Solution File, Format Version 12.00
# Visual Studio Version 17
VisualStudioVersion = 17.0.31903.59
MinimumVisualStudioVersion = 10.0.40219.1
Project("{2150E333-8FDC-42A3-9474-1A3956D46DE8}") = "cross", "cross", "{55ABD941-22EC-9BDF-563B-2C4D6A73212A}"
EndProject
Project("{FAE04EC0-301F-11D3-BF4B-00C04F79EFBC}") = "HTCommander.Core", "cross\HTCommander.Core\HTCommander.Core.csproj", "{B1412491-3E2D-48AF-8CAB-1CF89C49D2EC}"
EndProject
Project("{FAE04EC0-301F-11D3-BF4B-00C04F79EFBC}") = "HTCommander.Platform.Linux", "cross\HTCommander.Platform.Linux\HTCommander.Platform.Linux.csproj", "{26ACCBEA-38C0-417E-920E-04CFEED877C0}"
EndProject
Project("{FAE04EC0-301F-11D3-BF4B-00C04F79EFBC}") = "HTCommander.UI.Avalonia", "cross\HTCommander.UI.Avalonia\HTCommander.UI.Avalonia.csproj", "{1F9F3BD8-879A-4430-8FFF-DF60E87C94EE}"
EndProject
Global
	GlobalSection(SolutionConfigurationPlatforms) = preSolution
		Debug|Any CPU = Debug|Any CPU
		Debug|x64 = Debug|x64
		Debug|x86 = Debug|x86
		Release|Any CPU = Release|Any CPU
		Release|x64 = Release|x64
		Release|x86 = Release|x86
	EndGlobalSection
	GlobalSection(ProjectConfigurationPlatforms) = postSolution
		{B1412491-3E2D-48AF-8CAB-1CF89C49D2EC}.Debug|Any CPU.ActiveCfg = Debug|Any CPU
		{B1412491-3E2D-48AF-8CAB-1CF89C49D2EC}.Debug|Any CPU.Build.0 = Debug|Any CPU
		{B1412491-3E2D-48AF-8CAB-1CF89C49D2EC}.Debug|x64.ActiveCfg = Debug|Any CPU
		{B1412491-3E2D-48AF-8CAB-1CF89C49D2EC}.Debug|x64.Build.0 = Debug|Any CPU
		{B1412491-3E2D-48AF-8CAB-1CF89C49D2EC}.Debug|x86.ActiveCfg = Debug|Any CPU
		{B1412491-3E2D-48AF-8CAB-1CF89C49D2EC}.Debug|x86.Build.0 = Debug|Any CPU
		{B1412491-3E2D-48AF-8CAB-1CF89C49D2EC}.Release|Any CPU.ActiveCfg = Release|Any CPU
		{B1412491-3E2D-48AF-8CAB-1CF89C49D2EC}.Release|Any CPU.Build.0 = Release|Any CPU
		{B1412491-3E2D-48AF-8CAB-1CF89C49D2EC}.Release|x64.ActiveCfg = Release|Any CPU
		{B1412491-3E2D-48AF-8CAB-1CF89C49D2EC}.Release|x64.Build.0 = Release|Any CPU
		{B1412491-3E2D-48AF-8CAB-1CF89C49D2EC}.Release|x86.ActiveCfg = Release|Any CPU
		{B1412491-3E2D-48AF-8CAB-1CF89C49D2EC}.Release|x86.Build.0 = Release|Any CPU
		{26ACCBEA-38C0-417E-920E-04CFEED877C0}.Debug|Any CPU.ActiveCfg = Debug|Any CPU
		{26ACCBEA-38C0-417E-920E-04CFEED877C0}.Debug|Any CPU.Build.0 = Debug|Any CPU
		{26ACCBEA-38C0-417E-920E-04CFEED877C0}.Debug|x64.ActiveCfg = Debug|Any CPU
		{26ACCBEA-38C0-417E-920E-04CFEED877C0}.Debug|x64.Build.0 = Debug|Any CPU
		{26ACCBEA-38C0-417E-920E-04CFEED877C0}.Debug|x86.ActiveCfg = Debug|Any CPU
		{26ACCBEA-38C0-417E-920E-04CFEED877C0}.Debug|x86.Build.0 = Debug|Any CPU
		{26ACCBEA-38C0-417E-920E-04CFEED877C0}.Release|Any CPU.ActiveCfg = Release|Any CPU
		{26ACCBEA-38C0-417E-920E-04CFEED877C0}.Release|Any CPU.Build.0 = Release|Any CPU
		{26ACCBEA-38C0-417E-920E-04CFEED877C0}.Release|x64.ActiveCfg = Release|Any CPU
		{26ACCBEA-38C0-417E-920E-04CFEED877C0}.Release|x64.Build.0 = Release|Any CPU
		{26ACCBEA-38C0-417E-920E-04CFEED877C0}.Release|x86.ActiveCfg = Release|Any CPU
		{26ACCBEA-38C0-417E-920E-04CFEED877C0}.Release|x86.Build.0 = Release|Any CPU
		{1F9F3BD8-879A-4430-8FFF-DF60E87C94EE}.Debug|Any CPU.ActiveCfg = Debug|Any CPU
		{1F9F3BD8-879A-4430-8FFF-DF60E87C94EE}.Debug|Any CPU.Build.0 = Debug|Any CPU
		{1F9F3BD8-879A-4430-8FFF-DF60E87C94EE}.Debug|x64.ActiveCfg = Debug|Any CPU
		{1F9F3BD8-879A-4430-8FFF-DF60E87C94EE}.Debug|x64.Build.0 = Debug|Any CPU
		{1F9F3BD8-879A-4430-8FFF-DF60E87C94EE}.Debug|x86.ActiveCfg = Debug|Any CPU
		{1F9F3BD8-879A-4430-8FFF-DF60E87C94EE}.Debug|x86.Build.0 = Debug|Any CPU
		{1F9F3BD8-879A-4430-8FFF-DF60E87C94EE}.Release|Any CPU.ActiveCfg = Release|Any CPU
		{1F9F3BD8-879A-4430-8FFF-DF60E87C94EE}.Release|Any CPU.Build.0 = Release|Any CPU
		{1F9F3BD8-879A-4430-8FFF-DF60E87C94EE}.Release|x64.ActiveCfg = Release|Any CPU
		{1F9F3BD8-879A-4430-8FFF-DF60E87C94EE}.Release|x64.Build.0 = Release|Any CPU
		{1F9F3BD8-879A-4430-8FFF-DF60E87C94EE}.Release|x86.ActiveCfg = Release|Any CPU
		{1F9F3BD8-879A-4430-8FFF-DF60E87C94EE}.Release|x86.Build.0 = Release|Any CPU
	EndGlobalSection
	GlobalSection(SolutionProperties) = preSolution
		HideSolutionNode = FALSE
	EndGlobalSection
	GlobalSection(NestedProjects) = preSolution
		{B1412491-3E2D-48AF-8CAB-1CF89C49D2EC} = {55ABD941-22EC-9BDF-563B-2C4D6A73212A}
		{26ACCBEA-38C0-417E-920E-04CFEED877C0} = {55ABD941-22EC-9BDF-563B-2C4D6A73212A}
		{1F9F3BD8-879A-4430-8FFF-DF60E87C94EE} = {55ABD941-22EC-9BDF-563B-2C4D6A73212A}
	EndGlobalSection
EndGlobal
